// !$*UTF8*$!
{
	archiveVersion = 1;
	classes = {
	};
	objectVersion = 56;
	objects = {

/* Begin PBXBuildFile section */
		6B07E1C0296CE1410058AE4B /* Remedmind.xcdatamodeld in Sources */ = {isa = PBXBuildFile; fileRef = 6B07E1BE296CE1410058AE4B /* Remedmind.xcdatamodeld */; };
		6B08C45C299EED1A0050EBFF /* DailyIntakeView.swift in Sources */ = {isa = PBXBuildFile; fileRef = 6B08C45B299EED1A0050EBFF /* DailyIntakeView.swift */; };
		6B08C45E299EED290050EBFF /* CalendarIntakeView.swift in Sources */ = {isa = PBXBuildFile; fileRef = 6B08C45D299EED290050EBFF /* CalendarIntakeView.swift */; };
		6B0BEF3529D3454B00B823DA /* AdministrationSectionView.swift in Sources */ = {isa = PBXBuildFile; fileRef = 6B0BEF3429D3454B00B823DA /* AdministrationSectionView.swift */; };
		6B0BEF3729D3853A00B823DA /* AdministrationFrequencyPickerView.swift in Sources */ = {isa = PBXBuildFile; fileRef = 6B0BEF3629D3853A00B823DA /* AdministrationFrequencyPickerView.swift */; };
		6B0BEF3929D385AF00B823DA /* AdministrationDaysButtonsView.swift in Sources */ = {isa = PBXBuildFile; fileRef = 6B0BEF3829D385AF00B823DA /* AdministrationDaysButtonsView.swift */; };
		6B0BEF3B29D3877D00B823DA /* NumberOfAdministrationsStepperView.swift in Sources */ = {isa = PBXBuildFile; fileRef = 6B0BEF3A29D3877D00B823DA /* NumberOfAdministrationsStepperView.swift */; };
		6B0BEF3D29D3885C00B823DA /* AdministrationQuantityStepperView.swift in Sources */ = {isa = PBXBuildFile; fileRef = 6B0BEF3C29D3885C00B823DA /* AdministrationQuantityStepperView.swift */; };
		6B0BEF3F29D3894800B823DA /* AdministrationNotificationsSectionView.swift in Sources */ = {isa = PBXBuildFile; fileRef = 6B0BEF3E29D3894800B823DA /* AdministrationNotificationsSectionView.swift */; };
		6B0BEF4229D38A1600B823DA /* RunningLowSectionView.swift in Sources */ = {isa = PBXBuildFile; fileRef = 6B0BEF4129D38A1600B823DA /* RunningLowSectionView.swift */; };
		6B0BEF4429D38AD700B823DA /* RunningLowNotificationSectionView.swift in Sources */ = {isa = PBXBuildFile; fileRef = 6B0BEF4329D38AD700B823DA /* RunningLowNotificationSectionView.swift */; };
		6B0BEF4629D38B5100B823DA /* PackageQuantitiesSectionView.swift in Sources */ = {isa = PBXBuildFile; fileRef = 6B0BEF4529D38B5100B823DA /* PackageQuantitiesSectionView.swift */; };
		6B0BEF4829D38FC400B823DA /* Reminder+ReminderModel.swift in Sources */ = {isa = PBXBuildFile; fileRef = 6B0BEF4729D38FC400B823DA /* Reminder+ReminderModel.swift */; };
		6B11D8BC29945853003BD412 /* MedicineImageView.swift in Sources */ = {isa = PBXBuildFile; fileRef = 6B11D8BB29945853003BD412 /* MedicineImageView.swift */; };
		6B11D8BE29945ADF003BD412 /* MedicineNameBrandView.swift in Sources */ = {isa = PBXBuildFile; fileRef = 6B11D8BD29945ADF003BD412 /* MedicineNameBrandView.swift */; };
		6B11D8C02994600E003BD412 /* AdministrationFrequencyView.swift in Sources */ = {isa = PBXBuildFile; fileRef = 6B11D8BF2994600E003BD412 /* AdministrationFrequencyView.swift */; };
		6B4A4D7F29AD6B0A0063D15E /* Calendar+Generate.swift in Sources */ = {isa = PBXBuildFile; fileRef = 6B4A4D7E29AD6B0A0063D15E /* Calendar+Generate.swift */; };
		6B4A4D8129AD6B3A0063D15E /* Date+StartOfMonth.swift in Sources */ = {isa = PBXBuildFile; fileRef = 6B4A4D8029AD6B3A0063D15E /* Date+StartOfMonth.swift */; };
		6B4A4D8329AD6B630063D15E /* DateFormatter+Init.swift in Sources */ = {isa = PBXBuildFile; fileRef = 6B4A4D8229AD6B630063D15E /* DateFormatter+Init.swift */; };
		6B4A4D8629AD6C500063D15E /* CalendarIntakeDayView.swift in Sources */ = {isa = PBXBuildFile; fileRef = 6B4A4D8529AD6C500063D15E /* CalendarIntakeDayView.swift */; };
		6B4A4D8A29AD72610063D15E /* CalendarIntakeHeaderView.swift in Sources */ = {isa = PBXBuildFile; fileRef = 6B4A4D8929AD72610063D15E /* CalendarIntakeHeaderView.swift */; };
		6B4A4D8E29AD728F0063D15E /* CalendarIntakeTrailingView.swift in Sources */ = {isa = PBXBuildFile; fileRef = 6B4A4D8D29AD728F0063D15E /* CalendarIntakeTrailingView.swift */; };
		6B5850942942A73200D561E8 /* Reminder.swift in Sources */ = {isa = PBXBuildFile; fileRef = 6B5850932942A73200D561E8 /* Reminder.swift */; };
		6B64D7B129B0097D00D87319 /* TitleInfoView.swift in Sources */ = {isa = PBXBuildFile; fileRef = 6B64D7B029B0097D00D87319 /* TitleInfoView.swift */; };
		6B64D7B429B00C5500D87319 /* DailyIntakeButtonView.swift in Sources */ = {isa = PBXBuildFile; fileRef = 6B64D7B329B00C5500D87319 /* DailyIntakeButtonView.swift */; };
		6B64D7B629B1068C00D87319 /* DailyIntakeCapsuleView.swift in Sources */ = {isa = PBXBuildFile; fileRef = 6B64D7B529B1068C00D87319 /* DailyIntakeCapsuleView.swift */; };
		6B64D7B829B1072300D87319 /* DailyIntakeButtonsView.swift in Sources */ = {isa = PBXBuildFile; fileRef = 6B64D7B729B1072300D87319 /* DailyIntakeButtonsView.swift */; };
		6B64D7BA29B10AF200D87319 /* DailyIntakeDetailView.swift in Sources */ = {isa = PBXBuildFile; fileRef = 6B64D7B929B10AF200D87319 /* DailyIntakeDetailView.swift */; };
		6B64D7BD29B7F58300D87319 /* SizeCalculatorViewModifier.swift in Sources */ = {isa = PBXBuildFile; fileRef = 6B64D7BC29B7F58300D87319 /* SizeCalculatorViewModifier.swift */; };
		6B64D7BF29B7F5C000D87319 /* View+SaveSize.swift in Sources */ = {isa = PBXBuildFile; fileRef = 6B64D7BE29B7F5C000D87319 /* View+SaveSize.swift */; };
		6B6A2C4829356CFA00E72834 /* RemedmindApp.swift in Sources */ = {isa = PBXBuildFile; fileRef = 6B6A2C4729356CFA00E72834 /* RemedmindApp.swift */; };
		6B6A2C4A29356CFA00E72834 /* RemindersListView.swift in Sources */ = {isa = PBXBuildFile; fileRef = 6B6A2C4929356CFA00E72834 /* RemindersListView.swift */; };
		6B6A2C4C29356CFB00E72834 /* Assets.xcassets in Resources */ = {isa = PBXBuildFile; fileRef = 6B6A2C4B29356CFB00E72834 /* Assets.xcassets */; };
		6B6A2C4F29356CFB00E72834 /* Preview Assets.xcassets in Resources */ = {isa = PBXBuildFile; fileRef = 6B6A2C4E29356CFB00E72834 /* Preview Assets.xcassets */; };
		6B6A2C5129356CFB00E72834 /* Persistence.swift in Sources */ = {isa = PBXBuildFile; fileRef = 6B6A2C5029356CFB00E72834 /* Persistence.swift */; };
		6B6A2C5F29356CFB00E72834 /* RemedmindTests.swift in Sources */ = {isa = PBXBuildFile; fileRef = 6B6A2C5E29356CFB00E72834 /* RemedmindTests.swift */; };
		6B6A2C6929356CFB00E72834 /* RemedmindUITests.swift in Sources */ = {isa = PBXBuildFile; fileRef = 6B6A2C6829356CFB00E72834 /* RemedmindUITests.swift */; };
		6B6A2C6B29356CFB00E72834 /* RemedmindUITestsLaunchTests.swift in Sources */ = {isa = PBXBuildFile; fileRef = 6B6A2C6A29356CFB00E72834 /* RemedmindUITestsLaunchTests.swift */; };
		6B827FA329DF5C00008FC8EC /* AddReminderButton.swift in Sources */ = {isa = PBXBuildFile; fileRef = 6B827FA229DF5C00008FC8EC /* AddReminderButton.swift */; };
		6B827FA629E4A157008FC8EC /* PositionData.swift in Sources */ = {isa = PBXBuildFile; fileRef = 6B827FA529E4A157008FC8EC /* PositionData.swift */; };
		6B827FA829E4A16F008FC8EC /* Positions.swift in Sources */ = {isa = PBXBuildFile; fileRef = 6B827FA729E4A16F008FC8EC /* Positions.swift */; };
		6B827FAB29E4A243008FC8EC /* PositionReader.swift in Sources */ = {isa = PBXBuildFile; fileRef = 6B827FAA29E4A243008FC8EC /* PositionReader.swift */; };
		6B827FAD29E4AFB5008FC8EC /* View+If.swift in Sources */ = {isa = PBXBuildFile; fileRef = 6B827FAC29E4AFB5008FC8EC /* View+If.swift */; };
		6B827FAF29E4AFCE008FC8EC /* View+GetPosition.swift in Sources */ = {isa = PBXBuildFile; fileRef = 6B827FAE29E4AFCE008FC8EC /* View+GetPosition.swift */; };
		6B9FB1A929BE0F8800D39B7F /* NotificationsInfoView.swift in Sources */ = {isa = PBXBuildFile; fileRef = 6B9FB1A829BE0F8800D39B7F /* NotificationsInfoView.swift */; };
		6BA00608297DE8CA00435EAF /* SettingsFormRow.swift in Sources */ = {isa = PBXBuildFile; fileRef = 6BA00607297DE8CA00435EAF /* SettingsFormRow.swift */; };
		6BA19A3B299AED4F00F8CF9E /* ReminderDetailView.swift in Sources */ = {isa = PBXBuildFile; fileRef = 6BA19A3A299AED4F00F8CF9E /* ReminderDetailView.swift */; };
		6BA7E774293D67BB00A3F3E4 /* Medicine.swift in Sources */ = {isa = PBXBuildFile; fileRef = 6BA7E773293D67BB00A3F3E4 /* Medicine.swift */; };
		6BA7E776293D68F500A3F3E4 /* Administration.swift in Sources */ = {isa = PBXBuildFile; fileRef = 6BA7E775293D68F500A3F3E4 /* Administration.swift */; };
		6BB07BEF2981C9BE005A56D7 /* IconNames.swift in Sources */ = {isa = PBXBuildFile; fileRef = 6BB07BEE2981C9BE005A56D7 /* IconNames.swift */; };
		6BB07BF22981D2AD005A56D7 /* Multicolor.png in Resources */ = {isa = PBXBuildFile; fileRef = 6BB07BF02981D2AD005A56D7 /* Multicolor.png */; };
		6BB07BF32981D2AD005A56D7 /* Orange.png in Resources */ = {isa = PBXBuildFile; fileRef = 6BB07BF12981D2AD005A56D7 /* Orange.png */; };
		6BB296BF29774AA000152A7B /* SettingsView.swift in Sources */ = {isa = PBXBuildFile; fileRef = 6BB296BE29774AA000152A7B /* SettingsView.swift */; };
		6BC7BFD22987231F00E15743 /* Theme.swift in Sources */ = {isa = PBXBuildFile; fileRef = 6BC7BFD12987231F00E15743 /* Theme.swift */; };
		6BC7BFD62987239E00E15743 /* ThemeData.swift in Sources */ = {isa = PBXBuildFile; fileRef = 6BC7BFD52987239E00E15743 /* ThemeData.swift */; };
		6BC7BFD82987241E00E15743 /* ThemeColors.swift in Sources */ = {isa = PBXBuildFile; fileRef = 6BC7BFD72987241E00E15743 /* ThemeColors.swift */; };
		6BC7BFDA2987263800E15743 /* ThemeSettings.swift in Sources */ = {isa = PBXBuildFile; fileRef = 6BC7BFD92987263800E15743 /* ThemeSettings.swift */; };
		6BCA83F12995A77A0090EB86 /* PackageRemainderView.swift in Sources */ = {isa = PBXBuildFile; fileRef = 6BCA83F02995A77A0090EB86 /* PackageRemainderView.swift */; };
		6BCA83F42995AF240090EB86 /* WeekAdministrationView.swift in Sources */ = {isa = PBXBuildFile; fileRef = 6BCA83F32995AF240090EB86 /* WeekAdministrationView.swift */; };
		6BCA83F62995B01D0090EB86 /* DailyAdministrationView.swift in Sources */ = {isa = PBXBuildFile; fileRef = 6BCA83F52995B01D0090EB86 /* DailyAdministrationView.swift */; };
		6BCA9616293D5FE000C815E8 /* AddEditReminderView.swift in Sources */ = {isa = PBXBuildFile; fileRef = 6BCA9615293D5FE000C815E8 /* AddEditReminderView.swift */; };
		6BD15A672993060100576DD4 /* ReminderListRowView.swift in Sources */ = {isa = PBXBuildFile; fileRef = 6BD15A662993060100576DD4 /* ReminderListRowView.swift */; };
		6BD38B7929D341A4009C1754 /* GeneralInfoSectionInfoView.swift in Sources */ = {isa = PBXBuildFile; fileRef = 6BD38B7829D341A4009C1754 /* GeneralInfoSectionInfoView.swift */; };
		6BF6859229CA7A0E0019E707 /* Reminder+CoreDataClass.swift in Sources */ = {isa = PBXBuildFile; fileRef = 6BF6859029CA7A0E0019E707 /* Reminder+CoreDataClass.swift */; };
		6BF6859329CA7A0E0019E707 /* Reminder+CoreDataProperties.swift in Sources */ = {isa = PBXBuildFile; fileRef = 6BF6859129CA7A0E0019E707 /* Reminder+CoreDataProperties.swift */; };
		6BFB24EC299C4E990092837A /* RecapInfoView.swift in Sources */ = {isa = PBXBuildFile; fileRef = 6BFB24EB299C4E990092837A /* RecapInfoView.swift */; };
/* End PBXBuildFile section */

/* Begin PBXContainerItemProxy section */
		6B6A2C5B29356CFB00E72834 /* PBXContainerItemProxy */ = {
			isa = PBXContainerItemProxy;
			containerPortal = 6B6A2C3C29356CFA00E72834 /* Project object */;
			proxyType = 1;
			remoteGlobalIDString = 6B6A2C4329356CFA00E72834;
			remoteInfo = Remedmind;
		};
		6B6A2C6529356CFB00E72834 /* PBXContainerItemProxy */ = {
			isa = PBXContainerItemProxy;
			containerPortal = 6B6A2C3C29356CFA00E72834 /* Project object */;
			proxyType = 1;
			remoteGlobalIDString = 6B6A2C4329356CFA00E72834;
			remoteInfo = Remedmind;
		};
/* End PBXContainerItemProxy section */

/* Begin PBXFileReference section */
		6B07E1BF296CE1410058AE4B /* Remedmind.xcdatamodel */ = {isa = PBXFileReference; lastKnownFileType = wrapper.xcdatamodel; path = Remedmind.xcdatamodel; sourceTree = "<group>"; };
		6B08C45B299EED1A0050EBFF /* DailyIntakeView.swift */ = {isa = PBXFileReference; lastKnownFileType = sourcecode.swift; path = DailyIntakeView.swift; sourceTree = "<group>"; };
		6B08C45D299EED290050EBFF /* CalendarIntakeView.swift */ = {isa = PBXFileReference; lastKnownFileType = sourcecode.swift; path = CalendarIntakeView.swift; sourceTree = "<group>"; };
		6B0BEF3429D3454B00B823DA /* AdministrationSectionView.swift */ = {isa = PBXFileReference; lastKnownFileType = sourcecode.swift; path = AdministrationSectionView.swift; sourceTree = "<group>"; };
		6B0BEF3629D3853A00B823DA /* AdministrationFrequencyPickerView.swift */ = {isa = PBXFileReference; lastKnownFileType = sourcecode.swift; path = AdministrationFrequencyPickerView.swift; sourceTree = "<group>"; };
		6B0BEF3829D385AF00B823DA /* AdministrationDaysButtonsView.swift */ = {isa = PBXFileReference; lastKnownFileType = sourcecode.swift; path = AdministrationDaysButtonsView.swift; sourceTree = "<group>"; };
		6B0BEF3A29D3877D00B823DA /* NumberOfAdministrationsStepperView.swift */ = {isa = PBXFileReference; lastKnownFileType = sourcecode.swift; path = NumberOfAdministrationsStepperView.swift; sourceTree = "<group>"; };
		6B0BEF3C29D3885C00B823DA /* AdministrationQuantityStepperView.swift */ = {isa = PBXFileReference; lastKnownFileType = sourcecode.swift; path = AdministrationQuantityStepperView.swift; sourceTree = "<group>"; };
		6B0BEF3E29D3894800B823DA /* AdministrationNotificationsSectionView.swift */ = {isa = PBXFileReference; lastKnownFileType = sourcecode.swift; path = AdministrationNotificationsSectionView.swift; sourceTree = "<group>"; };
		6B0BEF4129D38A1600B823DA /* RunningLowSectionView.swift */ = {isa = PBXFileReference; lastKnownFileType = sourcecode.swift; path = RunningLowSectionView.swift; sourceTree = "<group>"; };
		6B0BEF4329D38AD700B823DA /* RunningLowNotificationSectionView.swift */ = {isa = PBXFileReference; lastKnownFileType = sourcecode.swift; path = RunningLowNotificationSectionView.swift; sourceTree = "<group>"; };
		6B0BEF4529D38B5100B823DA /* PackageQuantitiesSectionView.swift */ = {isa = PBXFileReference; lastKnownFileType = sourcecode.swift; path = PackageQuantitiesSectionView.swift; sourceTree = "<group>"; };
		6B0BEF4729D38FC400B823DA /* Reminder+ReminderModel.swift */ = {isa = PBXFileReference; lastKnownFileType = sourcecode.swift; path = "Reminder+ReminderModel.swift"; sourceTree = "<group>"; };
		6B11D8BB29945853003BD412 /* MedicineImageView.swift */ = {isa = PBXFileReference; lastKnownFileType = sourcecode.swift; path = MedicineImageView.swift; sourceTree = "<group>"; };
		6B11D8BD29945ADF003BD412 /* MedicineNameBrandView.swift */ = {isa = PBXFileReference; lastKnownFileType = sourcecode.swift; path = MedicineNameBrandView.swift; sourceTree = "<group>"; };
		6B11D8BF2994600E003BD412 /* AdministrationFrequencyView.swift */ = {isa = PBXFileReference; lastKnownFileType = sourcecode.swift; path = AdministrationFrequencyView.swift; sourceTree = "<group>"; };
		6B4A4D7E29AD6B0A0063D15E /* Calendar+Generate.swift */ = {isa = PBXFileReference; lastKnownFileType = sourcecode.swift; path = "Calendar+Generate.swift"; sourceTree = "<group>"; };
		6B4A4D8029AD6B3A0063D15E /* Date+StartOfMonth.swift */ = {isa = PBXFileReference; lastKnownFileType = sourcecode.swift; path = "Date+StartOfMonth.swift"; sourceTree = "<group>"; };
		6B4A4D8229AD6B630063D15E /* DateFormatter+Init.swift */ = {isa = PBXFileReference; lastKnownFileType = sourcecode.swift; path = "DateFormatter+Init.swift"; sourceTree = "<group>"; };
		6B4A4D8529AD6C500063D15E /* CalendarIntakeDayView.swift */ = {isa = PBXFileReference; lastKnownFileType = sourcecode.swift; path = CalendarIntakeDayView.swift; sourceTree = "<group>"; };
		6B4A4D8929AD72610063D15E /* CalendarIntakeHeaderView.swift */ = {isa = PBXFileReference; lastKnownFileType = sourcecode.swift; path = CalendarIntakeHeaderView.swift; sourceTree = "<group>"; };
		6B4A4D8D29AD728F0063D15E /* CalendarIntakeTrailingView.swift */ = {isa = PBXFileReference; lastKnownFileType = sourcecode.swift; path = CalendarIntakeTrailingView.swift; sourceTree = "<group>"; };
		6B5850932942A73200D561E8 /* Reminder.swift */ = {isa = PBXFileReference; lastKnownFileType = sourcecode.swift; path = Reminder.swift; sourceTree = "<group>"; };
		6B64D7B029B0097D00D87319 /* TitleInfoView.swift */ = {isa = PBXFileReference; lastKnownFileType = sourcecode.swift; path = TitleInfoView.swift; sourceTree = "<group>"; };
		6B64D7B329B00C5500D87319 /* DailyIntakeButtonView.swift */ = {isa = PBXFileReference; lastKnownFileType = sourcecode.swift; path = DailyIntakeButtonView.swift; sourceTree = "<group>"; };
		6B64D7B529B1068C00D87319 /* DailyIntakeCapsuleView.swift */ = {isa = PBXFileReference; lastKnownFileType = sourcecode.swift; path = DailyIntakeCapsuleView.swift; sourceTree = "<group>"; };
		6B64D7B729B1072300D87319 /* DailyIntakeButtonsView.swift */ = {isa = PBXFileReference; lastKnownFileType = sourcecode.swift; path = DailyIntakeButtonsView.swift; sourceTree = "<group>"; };
		6B64D7B929B10AF200D87319 /* DailyIntakeDetailView.swift */ = {isa = PBXFileReference; lastKnownFileType = sourcecode.swift; path = DailyIntakeDetailView.swift; sourceTree = "<group>"; };
		6B64D7BC29B7F58300D87319 /* SizeCalculatorViewModifier.swift */ = {isa = PBXFileReference; lastKnownFileType = sourcecode.swift; path = SizeCalculatorViewModifier.swift; sourceTree = "<group>"; };
		6B64D7BE29B7F5C000D87319 /* View+SaveSize.swift */ = {isa = PBXFileReference; lastKnownFileType = sourcecode.swift; path = "View+SaveSize.swift"; sourceTree = "<group>"; };
		6B6A2C4429356CFA00E72834 /* Remedmind.app */ = {isa = PBXFileReference; explicitFileType = wrapper.application; includeInIndex = 0; path = Remedmind.app; sourceTree = BUILT_PRODUCTS_DIR; };
		6B6A2C4729356CFA00E72834 /* RemedmindApp.swift */ = {isa = PBXFileReference; lastKnownFileType = sourcecode.swift; path = RemedmindApp.swift; sourceTree = "<group>"; };
		6B6A2C4929356CFA00E72834 /* RemindersListView.swift */ = {isa = PBXFileReference; lastKnownFileType = sourcecode.swift; path = RemindersListView.swift; sourceTree = "<group>"; };
		6B6A2C4B29356CFB00E72834 /* Assets.xcassets */ = {isa = PBXFileReference; lastKnownFileType = folder.assetcatalog; path = Assets.xcassets; sourceTree = "<group>"; };
		6B6A2C4E29356CFB00E72834 /* Preview Assets.xcassets */ = {isa = PBXFileReference; lastKnownFileType = folder.assetcatalog; path = "Preview Assets.xcassets"; sourceTree = "<group>"; };
		6B6A2C5029356CFB00E72834 /* Persistence.swift */ = {isa = PBXFileReference; lastKnownFileType = sourcecode.swift; path = Persistence.swift; sourceTree = "<group>"; };
		6B6A2C5529356CFB00E72834 /* Info.plist */ = {isa = PBXFileReference; lastKnownFileType = text.plist.xml; path = Info.plist; sourceTree = "<group>"; };
		6B6A2C5A29356CFB00E72834 /* RemedmindTests.xctest */ = {isa = PBXFileReference; explicitFileType = wrapper.cfbundle; includeInIndex = 0; path = RemedmindTests.xctest; sourceTree = BUILT_PRODUCTS_DIR; };
		6B6A2C5E29356CFB00E72834 /* RemedmindTests.swift */ = {isa = PBXFileReference; lastKnownFileType = sourcecode.swift; path = RemedmindTests.swift; sourceTree = "<group>"; };
		6B6A2C6429356CFB00E72834 /* RemedmindUITests.xctest */ = {isa = PBXFileReference; explicitFileType = wrapper.cfbundle; includeInIndex = 0; path = RemedmindUITests.xctest; sourceTree = BUILT_PRODUCTS_DIR; };
		6B6A2C6829356CFB00E72834 /* RemedmindUITests.swift */ = {isa = PBXFileReference; lastKnownFileType = sourcecode.swift; path = RemedmindUITests.swift; sourceTree = "<group>"; };
		6B6A2C6A29356CFB00E72834 /* RemedmindUITestsLaunchTests.swift */ = {isa = PBXFileReference; lastKnownFileType = sourcecode.swift; path = RemedmindUITestsLaunchTests.swift; sourceTree = "<group>"; };
		6B827FA229DF5C00008FC8EC /* AddReminderButton.swift */ = {isa = PBXFileReference; lastKnownFileType = sourcecode.swift; path = AddReminderButton.swift; sourceTree = "<group>"; };
		6B827FA529E4A157008FC8EC /* PositionData.swift */ = {isa = PBXFileReference; lastKnownFileType = sourcecode.swift; path = PositionData.swift; sourceTree = "<group>"; };
		6B827FA729E4A16F008FC8EC /* Positions.swift */ = {isa = PBXFileReference; lastKnownFileType = sourcecode.swift; path = Positions.swift; sourceTree = "<group>"; };
		6B827FAA29E4A243008FC8EC /* PositionReader.swift */ = {isa = PBXFileReference; lastKnownFileType = sourcecode.swift; path = PositionReader.swift; sourceTree = "<group>"; };
		6B827FAC29E4AFB5008FC8EC /* View+If.swift */ = {isa = PBXFileReference; lastKnownFileType = sourcecode.swift; path = "View+If.swift"; sourceTree = "<group>"; };
		6B827FAE29E4AFCE008FC8EC /* View+GetPosition.swift */ = {isa = PBXFileReference; lastKnownFileType = sourcecode.swift; path = "View+GetPosition.swift"; sourceTree = "<group>"; };
		6B9FB1A829BE0F8800D39B7F /* NotificationsInfoView.swift */ = {isa = PBXFileReference; lastKnownFileType = sourcecode.swift; path = NotificationsInfoView.swift; sourceTree = "<group>"; };
		6BA00607297DE8CA00435EAF /* SettingsFormRow.swift */ = {isa = PBXFileReference; lastKnownFileType = sourcecode.swift; path = SettingsFormRow.swift; sourceTree = "<group>"; };
		6BA19A3A299AED4F00F8CF9E /* ReminderDetailView.swift */ = {isa = PBXFileReference; lastKnownFileType = sourcecode.swift; path = ReminderDetailView.swift; sourceTree = "<group>"; };
		6BA7E773293D67BB00A3F3E4 /* Medicine.swift */ = {isa = PBXFileReference; lastKnownFileType = sourcecode.swift; path = Medicine.swift; sourceTree = "<group>"; };
		6BA7E775293D68F500A3F3E4 /* Administration.swift */ = {isa = PBXFileReference; lastKnownFileType = sourcecode.swift; path = Administration.swift; sourceTree = "<group>"; };
		6BB07BEE2981C9BE005A56D7 /* IconNames.swift */ = {isa = PBXFileReference; lastKnownFileType = sourcecode.swift; path = IconNames.swift; sourceTree = "<group>"; };
		6BB07BF02981D2AD005A56D7 /* Multicolor.png */ = {isa = PBXFileReference; lastKnownFileType = image.png; path = Multicolor.png; sourceTree = "<group>"; };
		6BB07BF12981D2AD005A56D7 /* Orange.png */ = {isa = PBXFileReference; lastKnownFileType = image.png; path = Orange.png; sourceTree = "<group>"; };
		6BB296BE29774AA000152A7B /* SettingsView.swift */ = {isa = PBXFileReference; lastKnownFileType = sourcecode.swift; path = SettingsView.swift; sourceTree = "<group>"; };
		6BC7BFD12987231F00E15743 /* Theme.swift */ = {isa = PBXFileReference; lastKnownFileType = sourcecode.swift; path = Theme.swift; sourceTree = "<group>"; };
		6BC7BFD52987239E00E15743 /* ThemeData.swift */ = {isa = PBXFileReference; lastKnownFileType = sourcecode.swift; path = ThemeData.swift; sourceTree = "<group>"; };
		6BC7BFD72987241E00E15743 /* ThemeColors.swift */ = {isa = PBXFileReference; lastKnownFileType = sourcecode.swift; path = ThemeColors.swift; sourceTree = "<group>"; };
		6BC7BFD92987263800E15743 /* ThemeSettings.swift */ = {isa = PBXFileReference; lastKnownFileType = sourcecode.swift; path = ThemeSettings.swift; sourceTree = "<group>"; };
		6BCA83F02995A77A0090EB86 /* PackageRemainderView.swift */ = {isa = PBXFileReference; lastKnownFileType = sourcecode.swift; path = PackageRemainderView.swift; sourceTree = "<group>"; };
		6BCA83F32995AF240090EB86 /* WeekAdministrationView.swift */ = {isa = PBXFileReference; lastKnownFileType = sourcecode.swift; path = WeekAdministrationView.swift; sourceTree = "<group>"; };
		6BCA83F52995B01D0090EB86 /* DailyAdministrationView.swift */ = {isa = PBXFileReference; lastKnownFileType = sourcecode.swift; path = DailyAdministrationView.swift; sourceTree = "<group>"; };
		6BCA9615293D5FE000C815E8 /* AddEditReminderView.swift */ = {isa = PBXFileReference; lastKnownFileType = sourcecode.swift; path = AddEditReminderView.swift; sourceTree = "<group>"; };
		6BD15A662993060100576DD4 /* ReminderListRowView.swift */ = {isa = PBXFileReference; lastKnownFileType = sourcecode.swift; path = ReminderListRowView.swift; sourceTree = "<group>"; };
		6BD38B7829D341A4009C1754 /* GeneralInfoSectionInfoView.swift */ = {isa = PBXFileReference; lastKnownFileType = sourcecode.swift; path = GeneralInfoSectionInfoView.swift; sourceTree = "<group>"; };
		6BF6859029CA7A0E0019E707 /* Reminder+CoreDataClass.swift */ = {isa = PBXFileReference; lastKnownFileType = sourcecode.swift; path = "Reminder+CoreDataClass.swift"; sourceTree = "<group>"; };
		6BF6859129CA7A0E0019E707 /* Reminder+CoreDataProperties.swift */ = {isa = PBXFileReference; lastKnownFileType = sourcecode.swift; path = "Reminder+CoreDataProperties.swift"; sourceTree = "<group>"; };
		6BFB24EB299C4E990092837A /* RecapInfoView.swift */ = {isa = PBXFileReference; lastKnownFileType = sourcecode.swift; path = RecapInfoView.swift; sourceTree = "<group>"; };
/* End PBXFileReference section */

/* Begin PBXFrameworksBuildPhase section */
		6B6A2C4129356CFA00E72834 /* Frameworks */ = {
			isa = PBXFrameworksBuildPhase;
			buildActionMask = 2147483647;
			files = (
			);
			runOnlyForDeploymentPostprocessing = 0;
		};
		6B6A2C5729356CFB00E72834 /* Frameworks */ = {
			isa = PBXFrameworksBuildPhase;
			buildActionMask = 2147483647;
			files = (
			);
			runOnlyForDeploymentPostprocessing = 0;
		};
		6B6A2C6129356CFB00E72834 /* Frameworks */ = {
			isa = PBXFrameworksBuildPhase;
			buildActionMask = 2147483647;
			files = (
			);
			runOnlyForDeploymentPostprocessing = 0;
		};
/* End PBXFrameworksBuildPhase section */

/* Begin PBXGroup section */
		6B0BEF3329D3452B00B823DA /* AdministrationSection */ = {
			isa = PBXGroup;
			children = (
				6B0BEF3429D3454B00B823DA /* AdministrationSectionView.swift */,
				6B0BEF3629D3853A00B823DA /* AdministrationFrequencyPickerView.swift */,
				6B0BEF3829D385AF00B823DA /* AdministrationDaysButtonsView.swift */,
				6B0BEF3A29D3877D00B823DA /* NumberOfAdministrationsStepperView.swift */,
				6B0BEF3C29D3885C00B823DA /* AdministrationQuantityStepperView.swift */,
				6B0BEF3E29D3894800B823DA /* AdministrationNotificationsSectionView.swift */,
			);
			path = AdministrationSection;
			sourceTree = "<group>";
		};
		6B0BEF4029D389C400B823DA /* RunningLowSection */ = {
			isa = PBXGroup;
			children = (
				6B0BEF4129D38A1600B823DA /* RunningLowSectionView.swift */,
				6B0BEF4329D38AD700B823DA /* RunningLowNotificationSectionView.swift */,
				6B0BEF4529D38B5100B823DA /* PackageQuantitiesSectionView.swift */,
			);
			path = RunningLowSection;
			sourceTree = "<group>";
		};
		6B11D8BA299457CF003BD412 /* ReminderListRow */ = {
			isa = PBXGroup;
			children = (
				6BCA83F22995AF0C0090EB86 /* WeekAdministration */,
				6B11D8BB29945853003BD412 /* MedicineImageView.swift */,
				6B11D8BD29945ADF003BD412 /* MedicineNameBrandView.swift */,
				6B11D8BF2994600E003BD412 /* AdministrationFrequencyView.swift */,
				6BCA83F02995A77A0090EB86 /* PackageRemainderView.swift */,
			);
			path = ReminderListRow;
			sourceTree = "<group>";
		};
		6B4A4D7D29AD6A890063D15E /* Extensions */ = {
			isa = PBXGroup;
			children = (
				6B4A4D7E29AD6B0A0063D15E /* Calendar+Generate.swift */,
				6B4A4D8029AD6B3A0063D15E /* Date+StartOfMonth.swift */,
				6B4A4D8229AD6B630063D15E /* DateFormatter+Init.swift */,
				6B64D7BE29B7F5C000D87319 /* View+SaveSize.swift */,
				6B0BEF4729D38FC400B823DA /* Reminder+ReminderModel.swift */,
				6B827FAC29E4AFB5008FC8EC /* View+If.swift */,
				6B827FAE29E4AFCE008FC8EC /* View+GetPosition.swift */,
			);
			path = Extensions;
			sourceTree = "<group>";
		};
		6B4A4D8429AD6C100063D15E /* CalendarIntake */ = {
			isa = PBXGroup;
			children = (
				6B4A4D8529AD6C500063D15E /* CalendarIntakeDayView.swift */,
				6B4A4D8929AD72610063D15E /* CalendarIntakeHeaderView.swift */,
				6B4A4D8D29AD728F0063D15E /* CalendarIntakeTrailingView.swift */,
			);
			path = CalendarIntake;
			sourceTree = "<group>";
		};
		6B64D7B229B00C4200D87319 /* DailyIntakeView */ = {
			isa = PBXGroup;
			children = (
				6B64D7B329B00C5500D87319 /* DailyIntakeButtonView.swift */,
				6B64D7B529B1068C00D87319 /* DailyIntakeCapsuleView.swift */,
				6B64D7B729B1072300D87319 /* DailyIntakeButtonsView.swift */,
				6B64D7B929B10AF200D87319 /* DailyIntakeDetailView.swift */,
			);
			path = DailyIntakeView;
			sourceTree = "<group>";
		};
		6B64D7BB29B7F53700D87319 /* ViewModifiers */ = {
			isa = PBXGroup;
			children = (
				6B64D7BC29B7F58300D87319 /* SizeCalculatorViewModifier.swift */,
			);
			path = ViewModifiers;
			sourceTree = "<group>";
		};
		6B6A2C3B29356CFA00E72834 = {
			isa = PBXGroup;
			children = (
				6BF6859029CA7A0E0019E707 /* Reminder+CoreDataClass.swift */,
				6BF6859129CA7A0E0019E707 /* Reminder+CoreDataProperties.swift */,
				6B6A2C4629356CFA00E72834 /* Remedmind */,
				6B6A2C5D29356CFB00E72834 /* RemedmindTests */,
				6B6A2C6729356CFB00E72834 /* RemedmindUITests */,
				6B6A2C4529356CFA00E72834 /* Products */,
			);
			sourceTree = "<group>";
		};
		6B6A2C4529356CFA00E72834 /* Products */ = {
			isa = PBXGroup;
			children = (
				6B6A2C4429356CFA00E72834 /* Remedmind.app */,
				6B6A2C5A29356CFB00E72834 /* RemedmindTests.xctest */,
				6B6A2C6429356CFB00E72834 /* RemedmindUITests.xctest */,
			);
			name = Products;
			sourceTree = "<group>";
		};
		6B6A2C4629356CFA00E72834 /* Remedmind */ = {
			isa = PBXGroup;
			children = (
				6B4A4D7D29AD6A890063D15E /* Extensions */,
				6BC7BFD32987238700E15743 /* Data */,
				6BB07BE1297F52ED005A56D7 /* Icons */,
				6BCA9617293D62CB00C815E8 /* Models */,
				6BCA9614293D5F5600C815E8 /* Views */,
				6B64D7BB29B7F53700D87319 /* ViewModifiers */,
				6B6A2C4729356CFA00E72834 /* RemedmindApp.swift */,
				6B6A2C4B29356CFB00E72834 /* Assets.xcassets */,
				6B07E1BE296CE1410058AE4B /* Remedmind.xcdatamodeld */,
				6B6A2C5029356CFB00E72834 /* Persistence.swift */,
				6B6A2C5529356CFB00E72834 /* Info.plist */,
				6B6A2C4D29356CFB00E72834 /* Preview Content */,
			);
			path = Remedmind;
			sourceTree = "<group>";
		};
		6B6A2C4D29356CFB00E72834 /* Preview Content */ = {
			isa = PBXGroup;
			children = (
				6B6A2C4E29356CFB00E72834 /* Preview Assets.xcassets */,
			);
			path = "Preview Content";
			sourceTree = "<group>";
		};
		6B6A2C5D29356CFB00E72834 /* RemedmindTests */ = {
			isa = PBXGroup;
			children = (
				6B6A2C5E29356CFB00E72834 /* RemedmindTests.swift */,
			);
			path = RemedmindTests;
			sourceTree = "<group>";
		};
		6B6A2C6729356CFB00E72834 /* RemedmindUITests */ = {
			isa = PBXGroup;
			children = (
				6B6A2C6829356CFB00E72834 /* RemedmindUITests.swift */,
				6B6A2C6A29356CFB00E72834 /* RemedmindUITestsLaunchTests.swift */,
			);
			path = RemedmindUITests;
			sourceTree = "<group>";
		};
		6B827FA429E4A144008FC8EC /* Positions */ = {
			isa = PBXGroup;
			children = (
				6B827FA529E4A157008FC8EC /* PositionData.swift */,
				6B827FA729E4A16F008FC8EC /* Positions.swift */,
			);
			path = Positions;
			sourceTree = "<group>";
		};
		6B827FA929E4A22B008FC8EC /* CustomViews */ = {
			isa = PBXGroup;
			children = (
				6B827FAA29E4A243008FC8EC /* PositionReader.swift */,
			);
			path = CustomViews;
			sourceTree = "<group>";
		};
		6BA00604297DE88B00435EAF /* RemindersList */ = {
			isa = PBXGroup;
			children = (
				6B6A2C4929356CFA00E72834 /* RemindersListView.swift */,
				6BD15A662993060100576DD4 /* ReminderListRowView.swift */,
				6B11D8BA299457CF003BD412 /* ReminderListRow */,
				6B827FA229DF5C00008FC8EC /* AddReminderButton.swift */,
			);
			path = RemindersList;
			sourceTree = "<group>";
		};
		6BA00605297DE89800435EAF /* AddEditReminder */ = {
			isa = PBXGroup;
			children = (
				6B0BEF4029D389C400B823DA /* RunningLowSection */,
				6B0BEF3329D3452B00B823DA /* AdministrationSection */,
				6BD38B7729D3418A009C1754 /* GeneralInfoSection */,
				6BCA9615293D5FE000C815E8 /* AddEditReminderView.swift */,
			);
			path = AddEditReminder;
			sourceTree = "<group>";
		};
		6BA00606297DE8A100435EAF /* Settings */ = {
			isa = PBXGroup;
			children = (
				6BB296BE29774AA000152A7B /* SettingsView.swift */,
				6BA00607297DE8CA00435EAF /* SettingsFormRow.swift */,
			);
			path = Settings;
			sourceTree = "<group>";
		};
		6BA19A39299AED3300F8CF9E /* ReminderDetailView */ = {
			isa = PBXGroup;
			children = (
				6B64D7B229B00C4200D87319 /* DailyIntakeView */,
				6B4A4D8429AD6C100063D15E /* CalendarIntake */,
				6BA19A3A299AED4F00F8CF9E /* ReminderDetailView.swift */,
				6BFB24EB299C4E990092837A /* RecapInfoView.swift */,
				6B08C45B299EED1A0050EBFF /* DailyIntakeView.swift */,
				6B08C45D299EED290050EBFF /* CalendarIntakeView.swift */,
				6B64D7B029B0097D00D87319 /* TitleInfoView.swift */,
				6B9FB1A829BE0F8800D39B7F /* NotificationsInfoView.swift */,
			);
			path = ReminderDetailView;
			sourceTree = "<group>";
		};
		6BB07BE1297F52ED005A56D7 /* Icons */ = {
			isa = PBXGroup;
			children = (
				6BB07BF02981D2AD005A56D7 /* Multicolor.png */,
				6BB07BF12981D2AD005A56D7 /* Orange.png */,
			);
			path = Icons;
			sourceTree = "<group>";
		};
		6BB07BED2981C9AC005A56D7 /* IconChange */ = {
			isa = PBXGroup;
			children = (
				6BB07BEE2981C9BE005A56D7 /* IconNames.swift */,
			);
			path = IconChange;
			sourceTree = "<group>";
		};
		6BC7BFD02987230B00E15743 /* Theme */ = {
			isa = PBXGroup;
			children = (
				6BC7BFD12987231F00E15743 /* Theme.swift */,
				6BC7BFD72987241E00E15743 /* ThemeColors.swift */,
				6BC7BFD92987263800E15743 /* ThemeSettings.swift */,
			);
			path = Theme;
			sourceTree = "<group>";
		};
		6BC7BFD32987238700E15743 /* Data */ = {
			isa = PBXGroup;
			children = (
				6BC7BFD42987238F00E15743 /* Theme */,
			);
			path = Data;
			sourceTree = "<group>";
		};
		6BC7BFD42987238F00E15743 /* Theme */ = {
			isa = PBXGroup;
			children = (
				6BC7BFD52987239E00E15743 /* ThemeData.swift */,
			);
			path = Theme;
			sourceTree = "<group>";
		};
		6BCA83F22995AF0C0090EB86 /* WeekAdministration */ = {
			isa = PBXGroup;
			children = (
				6BCA83F32995AF240090EB86 /* WeekAdministrationView.swift */,
				6BCA83F52995B01D0090EB86 /* DailyAdministrationView.swift */,
			);
			path = WeekAdministration;
			sourceTree = "<group>";
		};
		6BCA9614293D5F5600C815E8 /* Views */ = {
			isa = PBXGroup;
			children = (
				6B827FA929E4A22B008FC8EC /* CustomViews */,
				6BA19A39299AED3300F8CF9E /* ReminderDetailView */,
				6BA00604297DE88B00435EAF /* RemindersList */,
				6BA00605297DE89800435EAF /* AddEditReminder */,
				6BA00606297DE8A100435EAF /* Settings */,
			);
			path = Views;
			sourceTree = "<group>";
		};
		6BCA9617293D62CB00C815E8 /* Models */ = {
			isa = PBXGroup;
			children = (
				6B827FA429E4A144008FC8EC /* Positions */,
				6BB07BED2981C9AC005A56D7 /* IconChange */,
				6BC7BFD02987230B00E15743 /* Theme */,
				6BA7E773293D67BB00A3F3E4 /* Medicine.swift */,
				6BA7E775293D68F500A3F3E4 /* Administration.swift */,
				6B5850932942A73200D561E8 /* Reminder.swift */,
			);
			path = Models;
			sourceTree = "<group>";
		};
		6BD38B7729D3418A009C1754 /* GeneralInfoSection */ = {
			isa = PBXGroup;
			children = (
				6BD38B7829D341A4009C1754 /* GeneralInfoSectionInfoView.swift */,
			);
			path = GeneralInfoSection;
			sourceTree = "<group>";
		};
/* End PBXGroup section */

/* Begin PBXNativeTarget section */
		6B6A2C4329356CFA00E72834 /* Remedmind */ = {
			isa = PBXNativeTarget;
			buildConfigurationList = 6B6A2C6E29356CFB00E72834 /* Build configuration list for PBXNativeTarget "Remedmind" */;
			buildPhases = (
				6B6A2C4029356CFA00E72834 /* Sources */,
				6B6A2C4129356CFA00E72834 /* Frameworks */,
				6B6A2C4229356CFA00E72834 /* Resources */,
			);
			buildRules = (
			);
			dependencies = (
			);
			name = Remedmind;
			productName = Remedmind;
			productReference = 6B6A2C4429356CFA00E72834 /* Remedmind.app */;
			productType = "com.apple.product-type.application";
		};
		6B6A2C5929356CFB00E72834 /* RemedmindTests */ = {
			isa = PBXNativeTarget;
			buildConfigurationList = 6B6A2C7129356CFB00E72834 /* Build configuration list for PBXNativeTarget "RemedmindTests" */;
			buildPhases = (
				6B6A2C5629356CFB00E72834 /* Sources */,
				6B6A2C5729356CFB00E72834 /* Frameworks */,
				6B6A2C5829356CFB00E72834 /* Resources */,
			);
			buildRules = (
			);
			dependencies = (
				6B6A2C5C29356CFB00E72834 /* PBXTargetDependency */,
			);
			name = RemedmindTests;
			productName = RemedmindTests;
			productReference = 6B6A2C5A29356CFB00E72834 /* RemedmindTests.xctest */;
			productType = "com.apple.product-type.bundle.unit-test";
		};
		6B6A2C6329356CFB00E72834 /* RemedmindUITests */ = {
			isa = PBXNativeTarget;
			buildConfigurationList = 6B6A2C7429356CFB00E72834 /* Build configuration list for PBXNativeTarget "RemedmindUITests" */;
			buildPhases = (
				6B6A2C6029356CFB00E72834 /* Sources */,
				6B6A2C6129356CFB00E72834 /* Frameworks */,
				6B6A2C6229356CFB00E72834 /* Resources */,
			);
			buildRules = (
			);
			dependencies = (
				6B6A2C6629356CFB00E72834 /* PBXTargetDependency */,
			);
			name = RemedmindUITests;
			productName = RemedmindUITests;
			productReference = 6B6A2C6429356CFB00E72834 /* RemedmindUITests.xctest */;
			productType = "com.apple.product-type.bundle.ui-testing";
		};
/* End PBXNativeTarget section */

/* Begin PBXProject section */
		6B6A2C3C29356CFA00E72834 /* Project object */ = {
			isa = PBXProject;
			attributes = {
				BuildIndependentTargetsInParallel = 1;
				LastSwiftUpdateCheck = 1400;
				LastUpgradeCheck = 1400;
				TargetAttributes = {
					6B6A2C4329356CFA00E72834 = {
						CreatedOnToolsVersion = 14.0.1;
					};
					6B6A2C5929356CFB00E72834 = {
						CreatedOnToolsVersion = 14.0.1;
						TestTargetID = 6B6A2C4329356CFA00E72834;
					};
					6B6A2C6329356CFB00E72834 = {
						CreatedOnToolsVersion = 14.0.1;
						TestTargetID = 6B6A2C4329356CFA00E72834;
					};
				};
			};
			buildConfigurationList = 6B6A2C3F29356CFA00E72834 /* Build configuration list for PBXProject "Remedmind" */;
			compatibilityVersion = "Xcode 14.0";
			developmentRegion = en;
			hasScannedForEncodings = 0;
			knownRegions = (
				en,
				Base,
			);
			mainGroup = 6B6A2C3B29356CFA00E72834;
			productRefGroup = 6B6A2C4529356CFA00E72834 /* Products */;
			projectDirPath = "";
			projectRoot = "";
			targets = (
				6B6A2C4329356CFA00E72834 /* Remedmind */,
				6B6A2C5929356CFB00E72834 /* RemedmindTests */,
				6B6A2C6329356CFB00E72834 /* RemedmindUITests */,
			);
		};
/* End PBXProject section */

/* Begin PBXResourcesBuildPhase section */
		6B6A2C4229356CFA00E72834 /* Resources */ = {
			isa = PBXResourcesBuildPhase;
			buildActionMask = 2147483647;
			files = (
				6B6A2C4F29356CFB00E72834 /* Preview Assets.xcassets in Resources */,
				6BB07BF32981D2AD005A56D7 /* Orange.png in Resources */,
				6B6A2C4C29356CFB00E72834 /* Assets.xcassets in Resources */,
				6BB07BF22981D2AD005A56D7 /* Multicolor.png in Resources */,
			);
			runOnlyForDeploymentPostprocessing = 0;
		};
		6B6A2C5829356CFB00E72834 /* Resources */ = {
			isa = PBXResourcesBuildPhase;
			buildActionMask = 2147483647;
			files = (
			);
			runOnlyForDeploymentPostprocessing = 0;
		};
		6B6A2C6229356CFB00E72834 /* Resources */ = {
			isa = PBXResourcesBuildPhase;
			buildActionMask = 2147483647;
			files = (
			);
			runOnlyForDeploymentPostprocessing = 0;
		};
/* End PBXResourcesBuildPhase section */

/* Begin PBXSourcesBuildPhase section */
		6B6A2C4029356CFA00E72834 /* Sources */ = {
			isa = PBXSourcesBuildPhase;
			buildActionMask = 2147483647;
			files = (
				6B6A2C5129356CFB00E72834 /* Persistence.swift in Sources */,
				6BC7BFD62987239E00E15743 /* ThemeData.swift in Sources */,
				6BF6859229CA7A0E0019E707 /* Reminder+CoreDataClass.swift in Sources */,
				6BCA83F62995B01D0090EB86 /* DailyAdministrationView.swift in Sources */,
				6BA7E774293D67BB00A3F3E4 /* Medicine.swift in Sources */,
				6B0BEF3D29D3885C00B823DA /* AdministrationQuantityStepperView.swift in Sources */,
				6BCA83F12995A77A0090EB86 /* PackageRemainderView.swift in Sources */,
				6BA7E776293D68F500A3F3E4 /* Administration.swift in Sources */,
				6B11D8BC29945853003BD412 /* MedicineImageView.swift in Sources */,
				6BCA83F42995AF240090EB86 /* WeekAdministrationView.swift in Sources */,
				6B0BEF3F29D3894800B823DA /* AdministrationNotificationsSectionView.swift in Sources */,
				6B64D7B829B1072300D87319 /* DailyIntakeButtonsView.swift in Sources */,
				6B0BEF4629D38B5100B823DA /* PackageQuantitiesSectionView.swift in Sources */,
				6BB296BF29774AA000152A7B /* SettingsView.swift in Sources */,
				6BF6859329CA7A0E0019E707 /* Reminder+CoreDataProperties.swift in Sources */,
				6B11D8C02994600E003BD412 /* AdministrationFrequencyView.swift in Sources */,
				6B4A4D8A29AD72610063D15E /* CalendarIntakeHeaderView.swift in Sources */,
				6BB07BEF2981C9BE005A56D7 /* IconNames.swift in Sources */,
				6B07E1C0296CE1410058AE4B /* Remedmind.xcdatamodeld in Sources */,
				6B64D7B629B1068C00D87319 /* DailyIntakeCapsuleView.swift in Sources */,
				6B0BEF3729D3853A00B823DA /* AdministrationFrequencyPickerView.swift in Sources */,
				6B9FB1A929BE0F8800D39B7F /* NotificationsInfoView.swift in Sources */,
				6B08C45C299EED1A0050EBFF /* DailyIntakeView.swift in Sources */,
				6BA19A3B299AED4F00F8CF9E /* ReminderDetailView.swift in Sources */,
				6B0BEF3529D3454B00B823DA /* AdministrationSectionView.swift in Sources */,
				6B6A2C4A29356CFA00E72834 /* RemindersListView.swift in Sources */,
				6B6A2C4829356CFA00E72834 /* RemedmindApp.swift in Sources */,
				6B08C45E299EED290050EBFF /* CalendarIntakeView.swift in Sources */,
				6B827FAF29E4AFCE008FC8EC /* View+GetPosition.swift in Sources */,
				6BD15A672993060100576DD4 /* ReminderListRowView.swift in Sources */,
				6B827FA329DF5C00008FC8EC /* AddReminderButton.swift in Sources */,
				6BFB24EC299C4E990092837A /* RecapInfoView.swift in Sources */,
				6B0BEF4829D38FC400B823DA /* Reminder+ReminderModel.swift in Sources */,
				6B0BEF4429D38AD700B823DA /* RunningLowNotificationSectionView.swift in Sources */,
				6B0BEF4229D38A1600B823DA /* RunningLowSectionView.swift in Sources */,
				6BA00608297DE8CA00435EAF /* SettingsFormRow.swift in Sources */,
				6B64D7BA29B10AF200D87319 /* DailyIntakeDetailView.swift in Sources */,
				6B4A4D8129AD6B3A0063D15E /* Date+StartOfMonth.swift in Sources */,
				6B4A4D8329AD6B630063D15E /* DateFormatter+Init.swift in Sources */,
				6B4A4D7F29AD6B0A0063D15E /* Calendar+Generate.swift in Sources */,
				6B64D7B129B0097D00D87319 /* TitleInfoView.swift in Sources */,
				6B64D7BD29B7F58300D87319 /* SizeCalculatorViewModifier.swift in Sources */,
				6B827FA629E4A157008FC8EC /* PositionData.swift in Sources */,
				6BD38B7929D341A4009C1754 /* GeneralInfoSectionInfoView.swift in Sources */,
				6B4A4D8E29AD728F0063D15E /* CalendarIntakeTrailingView.swift in Sources */,
				6BC7BFD22987231F00E15743 /* Theme.swift in Sources */,
				6B11D8BE29945ADF003BD412 /* MedicineNameBrandView.swift in Sources */,
				6BC7BFD82987241E00E15743 /* ThemeColors.swift in Sources */,
				6BC7BFDA2987263800E15743 /* ThemeSettings.swift in Sources */,
				6B0BEF3B29D3877D00B823DA /* NumberOfAdministrationsStepperView.swift in Sources */,
				6BCA9616293D5FE000C815E8 /* AddEditReminderView.swift in Sources */,
				6B827FA829E4A16F008FC8EC /* Positions.swift in Sources */,
				6B64D7BF29B7F5C000D87319 /* View+SaveSize.swift in Sources */,
				6B5850942942A73200D561E8 /* Reminder.swift in Sources */,
				6B827FAB29E4A243008FC8EC /* PositionReader.swift in Sources */,
				6B0BEF3929D385AF00B823DA /* AdministrationDaysButtonsView.swift in Sources */,
				6B64D7B429B00C5500D87319 /* DailyIntakeButtonView.swift in Sources */,
				6B4A4D8629AD6C500063D15E /* CalendarIntakeDayView.swift in Sources */,
				6B827FAD29E4AFB5008FC8EC /* View+If.swift in Sources */,
			);
			runOnlyForDeploymentPostprocessing = 0;
		};
		6B6A2C5629356CFB00E72834 /* Sources */ = {
			isa = PBXSourcesBuildPhase;
			buildActionMask = 2147483647;
			files = (
				6B6A2C5F29356CFB00E72834 /* RemedmindTests.swift in Sources */,
			);
			runOnlyForDeploymentPostprocessing = 0;
		};
		6B6A2C6029356CFB00E72834 /* Sources */ = {
			isa = PBXSourcesBuildPhase;
			buildActionMask = 2147483647;
			files = (
				6B6A2C6B29356CFB00E72834 /* RemedmindUITestsLaunchTests.swift in Sources */,
				6B6A2C6929356CFB00E72834 /* RemedmindUITests.swift in Sources */,
			);
			runOnlyForDeploymentPostprocessing = 0;
		};
/* End PBXSourcesBuildPhase section */

/* Begin PBXTargetDependency section */
		6B6A2C5C29356CFB00E72834 /* PBXTargetDependency */ = {
			isa = PBXTargetDependency;
			target = 6B6A2C4329356CFA00E72834 /* Remedmind */;
			targetProxy = 6B6A2C5B29356CFB00E72834 /* PBXContainerItemProxy */;
		};
		6B6A2C6629356CFB00E72834 /* PBXTargetDependency */ = {
			isa = PBXTargetDependency;
			target = 6B6A2C4329356CFA00E72834 /* Remedmind */;
			targetProxy = 6B6A2C6529356CFB00E72834 /* PBXContainerItemProxy */;
		};
/* End PBXTargetDependency section */

/* Begin XCBuildConfiguration section */
		6B6A2C6C29356CFB00E72834 /* Debug */ = {
			isa = XCBuildConfiguration;
			buildSettings = {
				ALWAYS_SEARCH_USER_PATHS = NO;
				CLANG_ANALYZER_NONNULL = YES;
				CLANG_ANALYZER_NUMBER_OBJECT_CONVERSION = YES_AGGRESSIVE;
				CLANG_CXX_LANGUAGE_STANDARD = "gnu++20";
				CLANG_ENABLE_MODULES = YES;
				CLANG_ENABLE_OBJC_ARC = YES;
				CLANG_ENABLE_OBJC_WEAK = YES;
				CLANG_WARN_BLOCK_CAPTURE_AUTORELEASING = YES;
				CLANG_WARN_BOOL_CONVERSION = YES;
				CLANG_WARN_COMMA = YES;
				CLANG_WARN_CONSTANT_CONVERSION = YES;
				CLANG_WARN_DEPRECATED_OBJC_IMPLEMENTATIONS = YES;
				CLANG_WARN_DIRECT_OBJC_ISA_USAGE = YES_ERROR;
				CLANG_WARN_DOCUMENTATION_COMMENTS = YES;
				CLANG_WARN_EMPTY_BODY = YES;
				CLANG_WARN_ENUM_CONVERSION = YES;
				CLANG_WARN_INFINITE_RECURSION = YES;
				CLANG_WARN_INT_CONVERSION = YES;
				CLANG_WARN_NON_LITERAL_NULL_CONVERSION = YES;
				CLANG_WARN_OBJC_IMPLICIT_RETAIN_SELF = YES;
				CLANG_WARN_OBJC_LITERAL_CONVERSION = YES;
				CLANG_WARN_OBJC_ROOT_CLASS = YES_ERROR;
				CLANG_WARN_QUOTED_INCLUDE_IN_FRAMEWORK_HEADER = YES;
				CLANG_WARN_RANGE_LOOP_ANALYSIS = YES;
				CLANG_WARN_STRICT_PROTOTYPES = YES;
				CLANG_WARN_SUSPICIOUS_MOVE = YES;
				CLANG_WARN_UNGUARDED_AVAILABILITY = YES_AGGRESSIVE;
				CLANG_WARN_UNREACHABLE_CODE = YES;
				CLANG_WARN__DUPLICATE_METHOD_MATCH = YES;
				COPY_PHASE_STRIP = NO;
				DEBUG_INFORMATION_FORMAT = dwarf;
				ENABLE_STRICT_OBJC_MSGSEND = YES;
				ENABLE_TESTABILITY = YES;
				GCC_C_LANGUAGE_STANDARD = gnu11;
				GCC_DYNAMIC_NO_PIC = NO;
				GCC_NO_COMMON_BLOCKS = YES;
				GCC_OPTIMIZATION_LEVEL = 0;
				GCC_PREPROCESSOR_DEFINITIONS = (
					"DEBUG=1",
					"$(inherited)",
				);
				GCC_WARN_64_TO_32_BIT_CONVERSION = YES;
				GCC_WARN_ABOUT_RETURN_TYPE = YES_ERROR;
				GCC_WARN_UNDECLARED_SELECTOR = YES;
				GCC_WARN_UNINITIALIZED_AUTOS = YES_AGGRESSIVE;
				GCC_WARN_UNUSED_FUNCTION = YES;
				GCC_WARN_UNUSED_VARIABLE = YES;
				IPHONEOS_DEPLOYMENT_TARGET = 16.0;
				MTL_ENABLE_DEBUG_INFO = INCLUDE_SOURCE;
				MTL_FAST_MATH = YES;
				ONLY_ACTIVE_ARCH = YES;
				SDKROOT = iphoneos;
				SWIFT_ACTIVE_COMPILATION_CONDITIONS = DEBUG;
				SWIFT_OPTIMIZATION_LEVEL = "-Onone";
			};
			name = Debug;
		};
		6B6A2C6D29356CFB00E72834 /* Release */ = {
			isa = XCBuildConfiguration;
			buildSettings = {
				ALWAYS_SEARCH_USER_PATHS = NO;
				CLANG_ANALYZER_NONNULL = YES;
				CLANG_ANALYZER_NUMBER_OBJECT_CONVERSION = YES_AGGRESSIVE;
				CLANG_CXX_LANGUAGE_STANDARD = "gnu++20";
				CLANG_ENABLE_MODULES = YES;
				CLANG_ENABLE_OBJC_ARC = YES;
				CLANG_ENABLE_OBJC_WEAK = YES;
				CLANG_WARN_BLOCK_CAPTURE_AUTORELEASING = YES;
				CLANG_WARN_BOOL_CONVERSION = YES;
				CLANG_WARN_COMMA = YES;
				CLANG_WARN_CONSTANT_CONVERSION = YES;
				CLANG_WARN_DEPRECATED_OBJC_IMPLEMENTATIONS = YES;
				CLANG_WARN_DIRECT_OBJC_ISA_USAGE = YES_ERROR;
				CLANG_WARN_DOCUMENTATION_COMMENTS = YES;
				CLANG_WARN_EMPTY_BODY = YES;
				CLANG_WARN_ENUM_CONVERSION = YES;
				CLANG_WARN_INFINITE_RECURSION = YES;
				CLANG_WARN_INT_CONVERSION = YES;
				CLANG_WARN_NON_LITERAL_NULL_CONVERSION = YES;
				CLANG_WARN_OBJC_IMPLICIT_RETAIN_SELF = YES;
				CLANG_WARN_OBJC_LITERAL_CONVERSION = YES;
				CLANG_WARN_OBJC_ROOT_CLASS = YES_ERROR;
				CLANG_WARN_QUOTED_INCLUDE_IN_FRAMEWORK_HEADER = YES;
				CLANG_WARN_RANGE_LOOP_ANALYSIS = YES;
				CLANG_WARN_STRICT_PROTOTYPES = YES;
				CLANG_WARN_SUSPICIOUS_MOVE = YES;
				CLANG_WARN_UNGUARDED_AVAILABILITY = YES_AGGRESSIVE;
				CLANG_WARN_UNREACHABLE_CODE = YES;
				CLANG_WARN__DUPLICATE_METHOD_MATCH = YES;
				COPY_PHASE_STRIP = NO;
				DEBUG_INFORMATION_FORMAT = "dwarf-with-dsym";
				ENABLE_NS_ASSERTIONS = NO;
				ENABLE_STRICT_OBJC_MSGSEND = YES;
				GCC_C_LANGUAGE_STANDARD = gnu11;
				GCC_NO_COMMON_BLOCKS = YES;
				GCC_WARN_64_TO_32_BIT_CONVERSION = YES;
				GCC_WARN_ABOUT_RETURN_TYPE = YES_ERROR;
				GCC_WARN_UNDECLARED_SELECTOR = YES;
				GCC_WARN_UNINITIALIZED_AUTOS = YES_AGGRESSIVE;
				GCC_WARN_UNUSED_FUNCTION = YES;
				GCC_WARN_UNUSED_VARIABLE = YES;
				IPHONEOS_DEPLOYMENT_TARGET = 16.0;
				MTL_ENABLE_DEBUG_INFO = NO;
				MTL_FAST_MATH = YES;
				SDKROOT = iphoneos;
				SWIFT_COMPILATION_MODE = wholemodule;
				SWIFT_OPTIMIZATION_LEVEL = "-O";
				VALIDATE_PRODUCT = YES;
			};
			name = Release;
		};
		6B6A2C6F29356CFB00E72834 /* Debug */ = {
			isa = XCBuildConfiguration;
			buildSettings = {
				ASSETCATALOG_COMPILER_APPICON_NAME = AppIcon;
				ASSETCATALOG_COMPILER_GLOBAL_ACCENT_COLOR_NAME = AccentColor;
				CODE_SIGN_STYLE = Automatic;
				CURRENT_PROJECT_VERSION = 1;
				DEVELOPMENT_ASSET_PATHS = "\"Remedmind/Preview Content\"";
				DEVELOPMENT_TEAM = R36C94X925;
				ENABLE_PREVIEWS = YES;
				GENERATE_INFOPLIST_FILE = YES;
				INFOPLIST_FILE = Remedmind/Info.plist;
				INFOPLIST_KEY_UIApplicationSceneManifest_Generation = YES;
				INFOPLIST_KEY_UIApplicationSupportsIndirectInputEvents = YES;
				INFOPLIST_KEY_UILaunchScreen_Generation = YES;
				INFOPLIST_KEY_UIRequiresFullScreen = NO;
				INFOPLIST_KEY_UISupportedInterfaceOrientations = "UIInterfaceOrientationLandscapeLeft UIInterfaceOrientationLandscapeRight UIInterfaceOrientationPortrait UIInterfaceOrientationPortraitUpsideDown";
				LD_RUNPATH_SEARCH_PATHS = (
					"$(inherited)",
					"@executable_path/Frameworks",
				);
				MARKETING_VERSION = 1.0.0;
				PRODUCT_BUNDLE_IDENTIFIER = com.limulus.Remedmind;
				PRODUCT_NAME = "$(TARGET_NAME)";
				SWIFT_EMIT_LOC_STRINGS = YES;
				SWIFT_VERSION = 5.0;
				TARGETED_DEVICE_FAMILY = "1,2";
			};
			name = Debug;
		};
		6B6A2C7029356CFB00E72834 /* Release */ = {
			isa = XCBuildConfiguration;
			buildSettings = {
				ASSETCATALOG_COMPILER_APPICON_NAME = AppIcon;
				ASSETCATALOG_COMPILER_GLOBAL_ACCENT_COLOR_NAME = AccentColor;
				CODE_SIGN_STYLE = Automatic;
				CURRENT_PROJECT_VERSION = 1;
				DEVELOPMENT_ASSET_PATHS = "\"Remedmind/Preview Content\"";
				DEVELOPMENT_TEAM = R36C94X925;
				ENABLE_PREVIEWS = YES;
				GENERATE_INFOPLIST_FILE = YES;
				INFOPLIST_FILE = Remedmind/Info.plist;
				INFOPLIST_KEY_UIApplicationSceneManifest_Generation = YES;
				INFOPLIST_KEY_UIApplicationSupportsIndirectInputEvents = YES;
				INFOPLIST_KEY_UILaunchScreen_Generation = YES;
				INFOPLIST_KEY_UIRequiresFullScreen = NO;
				INFOPLIST_KEY_UISupportedInterfaceOrientations = "UIInterfaceOrientationLandscapeLeft UIInterfaceOrientationLandscapeRight UIInterfaceOrientationPortrait UIInterfaceOrientationPortraitUpsideDown";
				LD_RUNPATH_SEARCH_PATHS = (
					"$(inherited)",
					"@executable_path/Frameworks",
				);
				MARKETING_VERSION = 1.0.0;
				PRODUCT_BUNDLE_IDENTIFIER = com.limulus.Remedmind;
				PRODUCT_NAME = "$(TARGET_NAME)";
				SWIFT_EMIT_LOC_STRINGS = YES;
				SWIFT_VERSION = 5.0;
				TARGETED_DEVICE_FAMILY = "1,2";
			};
			name = Release;
		};
		6B6A2C7229356CFB00E72834 /* Debug */ = {
			isa = XCBuildConfiguration;
			buildSettings = {
				ALWAYS_EMBED_SWIFT_STANDARD_LIBRARIES = YES;
				BUNDLE_LOADER = "$(TEST_HOST)";
				CODE_SIGN_STYLE = Automatic;
				CURRENT_PROJECT_VERSION = 1;
				DEVELOPMENT_TEAM = R36C94X925;
				GENERATE_INFOPLIST_FILE = YES;
				IPHONEOS_DEPLOYMENT_TARGET = 16.0;
				MARKETING_VERSION = 1.0;
				PRODUCT_BUNDLE_IDENTIFIER = com.limulus.remedmind.RemedmindTests;
				PRODUCT_NAME = "$(TARGET_NAME)";
				SWIFT_EMIT_LOC_STRINGS = NO;
				SWIFT_VERSION = 5.0;
				TARGETED_DEVICE_FAMILY = "1,2";
				TEST_HOST = "$(BUILT_PRODUCTS_DIR)/Remedmind.app/$(BUNDLE_EXECUTABLE_FOLDER_PATH)/Remedmind";
			};
			name = Debug;
		};
		6B6A2C7329356CFB00E72834 /* Release */ = {
			isa = XCBuildConfiguration;
			buildSettings = {
				ALWAYS_EMBED_SWIFT_STANDARD_LIBRARIES = YES;
				BUNDLE_LOADER = "$(TEST_HOST)";
				CODE_SIGN_STYLE = Automatic;
				CURRENT_PROJECT_VERSION = 1;
				DEVELOPMENT_TEAM = R36C94X925;
				GENERATE_INFOPLIST_FILE = YES;
				IPHONEOS_DEPLOYMENT_TARGET = 16.0;
				MARKETING_VERSION = 1.0;
				PRODUCT_BUNDLE_IDENTIFIER = com.limulus.remedmind.RemedmindTests;
				PRODUCT_NAME = "$(TARGET_NAME)";
				SWIFT_EMIT_LOC_STRINGS = NO;
				SWIFT_VERSION = 5.0;
				TARGETED_DEVICE_FAMILY = "1,2";
				TEST_HOST = "$(BUILT_PRODUCTS_DIR)/Remedmind.app/$(BUNDLE_EXECUTABLE_FOLDER_PATH)/Remedmind";
			};
			name = Release;
		};
		6B6A2C7529356CFB00E72834 /* Debug */ = {
			isa = XCBuildConfiguration;
			buildSettings = {
				ALWAYS_EMBED_SWIFT_STANDARD_LIBRARIES = YES;
				CODE_SIGN_STYLE = Automatic;
				CURRENT_PROJECT_VERSION = 1;
				DEVELOPMENT_TEAM = R36C94X925;
				GENERATE_INFOPLIST_FILE = YES;
				MARKETING_VERSION = 1.0;
				PRODUCT_BUNDLE_IDENTIFIER = com.limulus.remedmind.RemedmindUITests;
				PRODUCT_NAME = "$(TARGET_NAME)";
				SWIFT_EMIT_LOC_STRINGS = NO;
				SWIFT_VERSION = 5.0;
				TARGETED_DEVICE_FAMILY = "1,2";
				TEST_TARGET_NAME = Remedmind;
			};
			name = Debug;
		};
		6B6A2C7629356CFB00E72834 /* Release */ = {
			isa = XCBuildConfiguration;
			buildSettings = {
				ALWAYS_EMBED_SWIFT_STANDARD_LIBRARIES = YES;
				CODE_SIGN_STYLE = Automatic;
				CURRENT_PROJECT_VERSION = 1;
				DEVELOPMENT_TEAM = R36C94X925;
				GENERATE_INFOPLIST_FILE = YES;
				MARKETING_VERSION = 1.0;
				PRODUCT_BUNDLE_IDENTIFIER = com.limulus.remedmind.RemedmindUITests;
				PRODUCT_NAME = "$(TARGET_NAME)";
				SWIFT_EMIT_LOC_STRINGS = NO;
				SWIFT_VERSION = 5.0;
				TARGETED_DEVICE_FAMILY = "1,2";
				TEST_TARGET_NAME = Remedmind;
			};
			name = Release;
		};
/* End XCBuildConfiguration section */

/* Begin XCConfigurationList section */
		6B6A2C3F29356CFA00E72834 /* Build configuration list for PBXProject "Remedmind" */ = {
			isa = XCConfigurationList;
			buildConfigurations = (
				6B6A2C6C29356CFB00E72834 /* Debug */,
				6B6A2C6D29356CFB00E72834 /* Release */,
			);
			defaultConfigurationIsVisible = 0;
			defaultConfigurationName = Release;
		};
		6B6A2C6E29356CFB00E72834 /* Build configuration list for PBXNativeTarget "Remedmind" */ = {
			isa = XCConfigurationList;
			buildConfigurations = (
				6B6A2C6F29356CFB00E72834 /* Debug */,
				6B6A2C7029356CFB00E72834 /* Release */,
			);
			defaultConfigurationIsVisible = 0;
			defaultConfigurationName = Release;
		};
		6B6A2C7129356CFB00E72834 /* Build configuration list for PBXNativeTarget "RemedmindTests" */ = {
			isa = XCConfigurationList;
			buildConfigurations = (
				6B6A2C7229356CFB00E72834 /* Debug */,
				6B6A2C7329356CFB00E72834 /* Release */,
			);
			defaultConfigurationIsVisible = 0;
			defaultConfigurationName = Release;
		};
		6B6A2C7429356CFB00E72834 /* Build configuration list for PBXNativeTarget "RemedmindUITests" */ = {
			isa = XCConfigurationList;
			buildConfigurations = (
				6B6A2C7529356CFB00E72834 /* Debug */,
				6B6A2C7629356CFB00E72834 /* Release */,
			);
			defaultConfigurationIsVisible = 0;
			defaultConfigurationName = Release;
		};
/* End XCConfigurationList section */

/* Begin XCVersionGroup section */
		6B07E1BE296CE1410058AE4B /* Remedmind.xcdatamodeld */ = {
			isa = XCVersionGroup;
			children = (
				6B07E1BF296CE1410058AE4B /* Remedmind.xcdatamodel */,
			);
			currentVersion = 6B07E1BF296CE1410058AE4B /* Remedmind.xcdatamodel */;
			path = Remedmind.xcdatamodeld;
			sourceTree = "<group>";
			versionGroupType = wrapper.xcdatamodel;
		};
/* End XCVersionGroup section */
	};
	rootObject = 6B6A2C3C29356CFA00E72834 /* Project object */;
}
